github.com/Amalio769/mygolib/mymath v0.0.0-20250426204131-233b42cc0ea6 h1:xN7+JAGgwWdqwtV+iaThUDXa7Mkg7hf+aQFFaFQFdKE=
github.com/Amalio769/mygolib/mymath v0.0.0-20250426204131-233b42cc0ea6/go.mod h1:u9hjVYpDmSv8/k7pOM4WO7V1LA/oJN4Jp5cSmgM0N2s=
github.com/Amalio769/mygolib/mymath v0.0.0-20250427061311-772b8e5da440 h1:MWgu9f4fLu+i1X9zGxfTSFWN4sqo96n+SF8JxsoHgF4=
github.com/Amalio769/mygolib/mymath v0.0.0-20250427061311-772b8e5da440/go.mod h1:Yw1NPKeJoadnWsuTTkgu3WLCqcDTvslS0SQhLzAA/MY=
